
Microsoft Visual Studio Solution File, Format Version 12.00
# Visual Studio Version 16
VisualStudioVersion = 16.0.32126.315
MinimumVisualStudioVersion = 10.0.40219.1
Project("{FAE04EC0-301F-11D3-BF4B-00C04F79EFBC}") = "WebApplication1", "WebApplication1.csproj", "{F613875A-CDE9-42FD-84FA-DCDDC2C6FA1C}"
EndProject
Global
	GlobalSection(SolutionConfigurationPlatforms) = preSolution
		Debug|Any CPU = Debug|Any CPU
		Release|Any CPU = Release|Any CPU
	EndGlobalSection
	GlobalSection(ProjectConfigurationPlatforms) = postSolution
		{F613875A-CDE9-42FD-84FA-DCDDC2C6FA1C}.Debug|Any CPU.ActiveCfg = Debug|Any CPU
		{F613875A-CDE9-42FD-84FA-DCDDC2C6FA1C}.Debug|Any CPU.Build.0 = Debug|Any CPU
		{F613875A-CDE9-42FD-84FA-DCDDC2C6FA1C}.Release|Any CPU.ActiveCfg = Release|Any CPU
		{F613875A-CDE9-42FD-84FA-DCDDC2C6FA1C}.Release|Any CPU.Build.0 = Release|Any CPU
	EndGlobalSection
	GlobalSection(SolutionProperties) = preSolution
		HideSolutionNode = FALSE
	EndGlobalSection
	GlobalSection(ExtensibilityGlobals) = postSolution
		SolutionGuid = {0229BB65-FBED-442F-AF53-BD22470F0CBE}
	EndGlobalSection
EndGlobal
